
Microsoft Visual Studio Solution File, Format Version 12.00
# Visual Studio 15
VisualStudioVersion = 15.0.28307.902
MinimumVisualStudioVersion = 10.0.40219.1
Project("{FAE04EC0-301F-11D3-BF4B-00C04F79EFBC}") = "Nippy", "Nippy\Nippy.csproj", "{9B224C0F-9AD6-454F-B368-C0C87EFA06A2}"
EndProject
Global
	GlobalSection(SolutionConfigurationPlatforms) = preSolution
		Debug|Any CPU = Debug|Any CPU
		Release|Any CPU = Release|Any CPU
	EndGlobalSection
	GlobalSection(ProjectConfigurationPlatforms) = postSolution
		{9B224C0F-9AD6-454F-B368-C0C87EFA06A2}.Debug|Any CPU.ActiveCfg = Debug|Any CPU
		{9B224C0F-9AD6-454F-B368-C0C87EFA06A2}.Debug|Any CPU.Build.0 = Debug|Any CPU
		{9B224C0F-9AD6-454F-B368-C0C87EFA06A2}.Release|Any CPU.ActiveCfg = Release|Any CPU
		{9B224C0F-9AD6-454F-B368-C0C87EFA06A2}.Release|Any CPU.Build.0 = Release|Any CPU
	EndGlobalSection
	GlobalSection(SolutionProperties) = preSolution
		HideSolutionNode = FALSE
	EndGlobalSection
	GlobalSection(ExtensibilityGlobals) = postSolution
		SolutionGuid = {202168D4-2B1B-4910-9E94-7EC59FE56BA0}
	EndGlobalSection
EndGlobal
