
Microsoft Visual Studio Solution File, Format Version 12.00
# Visual Studio 15
VisualStudioVersion = 15.0.28307.902
MinimumVisualStudioVersion = 10.0.40219.1
Project("{FAE04EC0-301F-11D3-BF4B-00C04F79EFBC}") = "Events_Demo", "Events_Demo\Events_Demo.csproj", "{95305F95-F966-41FB-8CED-1FF598096CDB}"
EndProject
Global
	GlobalSection(SolutionConfigurationPlatforms) = preSolution
		Debug|Any CPU = Debug|Any CPU
		Release|Any CPU = Release|Any CPU
	EndGlobalSection
	GlobalSection(ProjectConfigurationPlatforms) = postSolution
		{95305F95-F966-41FB-8CED-1FF598096CDB}.Debug|Any CPU.ActiveCfg = Debug|Any CPU
		{95305F95-F966-41FB-8CED-1FF598096CDB}.Debug|Any CPU.Build.0 = Debug|Any CPU
		{95305F95-F966-41FB-8CED-1FF598096CDB}.Release|Any CPU.ActiveCfg = Release|Any CPU
		{95305F95-F966-41FB-8CED-1FF598096CDB}.Release|Any CPU.Build.0 = Release|Any CPU
	EndGlobalSection
	GlobalSection(SolutionProperties) = preSolution
		HideSolutionNode = FALSE
	EndGlobalSection
	GlobalSection(ExtensibilityGlobals) = postSolution
		SolutionGuid = {66C47918-FB78-4022-A805-AA3D32D5305C}
	EndGlobalSection
EndGlobal
