
Microsoft Visual Studio Solution File, Format Version 12.00
# Visual Studio 15
VisualStudioVersion = 15.0.28307.902
MinimumVisualStudioVersion = 10.0.40219.1
Project("{FAE04EC0-301F-11D3-BF4B-00C04F79EFBC}") = "Maselty_Ticket", "Maselty_Ticket\Maselty_Ticket.csproj", "{55390FBD-DA43-4977-AE4D-6D30EC1E07CB}"
EndProject
Global
	GlobalSection(SolutionConfigurationPlatforms) = preSolution
		Debug|Any CPU = Debug|Any CPU
		Release|Any CPU = Release|Any CPU
	EndGlobalSection
	GlobalSection(ProjectConfigurationPlatforms) = postSolution
		{55390FBD-DA43-4977-AE4D-6D30EC1E07CB}.Debug|Any CPU.ActiveCfg = Debug|Any CPU
		{55390FBD-DA43-4977-AE4D-6D30EC1E07CB}.Debug|Any CPU.Build.0 = Debug|Any CPU
		{55390FBD-DA43-4977-AE4D-6D30EC1E07CB}.Release|Any CPU.ActiveCfg = Release|Any CPU
		{55390FBD-DA43-4977-AE4D-6D30EC1E07CB}.Release|Any CPU.Build.0 = Release|Any CPU
	EndGlobalSection
	GlobalSection(SolutionProperties) = preSolution
		HideSolutionNode = FALSE
	EndGlobalSection
	GlobalSection(ExtensibilityGlobals) = postSolution
		SolutionGuid = {E857F4F5-D84A-4C70-88B2-21310B883478}
	EndGlobalSection
EndGlobal
