
Microsoft Visual Studio Solution File, Format Version 12.00
# Visual Studio 15
VisualStudioVersion = 15.0.28307.902
MinimumVisualStudioVersion = 10.0.40219.1
Project("{FAE04EC0-301F-11D3-BF4B-00C04F79EFBC}") = "Exponential-Number-Calculator", "Exponential-Number-Calculator\Exponential-Number-Calculator.csproj", "{026AD1E6-04F7-494D-B942-A3456A1A08D2}"
EndProject
Global
	GlobalSection(SolutionConfigurationPlatforms) = preSolution
		Debug|Any CPU = Debug|Any CPU
		Release|Any CPU = Release|Any CPU
	EndGlobalSection
	GlobalSection(ProjectConfigurationPlatforms) = postSolution
		{026AD1E6-04F7-494D-B942-A3456A1A08D2}.Debug|Any CPU.ActiveCfg = Debug|Any CPU
		{026AD1E6-04F7-494D-B942-A3456A1A08D2}.Debug|Any CPU.Build.0 = Debug|Any CPU
		{026AD1E6-04F7-494D-B942-A3456A1A08D2}.Release|Any CPU.ActiveCfg = Release|Any CPU
		{026AD1E6-04F7-494D-B942-A3456A1A08D2}.Release|Any CPU.Build.0 = Release|Any CPU
	EndGlobalSection
	GlobalSection(SolutionProperties) = preSolution
		HideSolutionNode = FALSE
	EndGlobalSection
	GlobalSection(ExtensibilityGlobals) = postSolution
		SolutionGuid = {ED54F17D-60E3-445F-8608-0A9099C4C994}
	EndGlobalSection
EndGlobal
