
Microsoft Visual Studio Solution File, Format Version 12.00
# Visual Studio 15
VisualStudioVersion = 15.0.28307.902
MinimumVisualStudioVersion = 10.0.40219.1
Project("{FAE04EC0-301F-11D3-BF4B-00C04F79EFBC}") = "Turkish_Idendity_Card", "Turkish_Idendity_Card\Turkish_Idendity_Card.csproj", "{8E5D3086-00A4-4A96-BB4C-61DC7863870D}"
EndProject
Global
	GlobalSection(SolutionConfigurationPlatforms) = preSolution
		Debug|Any CPU = Debug|Any CPU
		Release|Any CPU = Release|Any CPU
	EndGlobalSection
	GlobalSection(ProjectConfigurationPlatforms) = postSolution
		{8E5D3086-00A4-4A96-BB4C-61DC7863870D}.Debug|Any CPU.ActiveCfg = Debug|Any CPU
		{8E5D3086-00A4-4A96-BB4C-61DC7863870D}.Debug|Any CPU.Build.0 = Debug|Any CPU
		{8E5D3086-00A4-4A96-BB4C-61DC7863870D}.Release|Any CPU.ActiveCfg = Release|Any CPU
		{8E5D3086-00A4-4A96-BB4C-61DC7863870D}.Release|Any CPU.Build.0 = Release|Any CPU
	EndGlobalSection
	GlobalSection(SolutionProperties) = preSolution
		HideSolutionNode = FALSE
	EndGlobalSection
	GlobalSection(ExtensibilityGlobals) = postSolution
		SolutionGuid = {A443DBE9-4558-4A73-8F8E-1950B0F38EB9}
	EndGlobalSection
EndGlobal
